
Microsoft Visual Studio Solution File, Format Version 12.00
# Visual Studio Version 17
VisualStudioVersion = 17.8.34322.80
MinimumVisualStudioVersion = 10.0.40219.1
Project("{8BC9CEB8-8B4A-11D0-8D11-00A0C91BC942}") = "SC4HumaneSocietyOrdinance", "SC4HumaneSocietyOrdinance.vcxproj", "{7828FACE-471C-40ED-8834-DAC618989D1A}"
EndProject
Global
	GlobalSection(SolutionConfigurationPlatforms) = preSolution
		Debug|x86 = Debug|x86
		Release|x86 = Release|x86
	EndGlobalSection
	GlobalSection(ProjectConfigurationPlatforms) = postSolution
		{7828FACE-471C-40ED-8834-DAC618989D1A}.Debug|x86.ActiveCfg = Debug|Win32
		{7828FACE-471C-40ED-8834-DAC618989D1A}.Debug|x86.Build.0 = Debug|Win32
		{7828FACE-471C-40ED-8834-DAC618989D1A}.Release|x86.ActiveCfg = Release|Win32
		{7828FACE-471C-40ED-8834-DAC618989D1A}.Release|x86.Build.0 = Release|Win32
	EndGlobalSection
	GlobalSection(SolutionProperties) = preSolution
		HideSolutionNode = FALSE
	EndGlobalSection
	GlobalSection(ExtensibilityGlobals) = postSolution
		SolutionGuid = {50832B0F-35AC-494E-9BF5-CA920A658BD6}
	EndGlobalSection
EndGlobal
